
Microsoft Visual Studio Solution File, Format Version 12.00
# Visual Studio Version 16
VisualStudioVersion = 16.0.30114.105
MinimumVisualStudioVersion = 10.0.40219.1
Project("{FAE04EC0-301F-11D3-BF4B-00C04F79EFBC}") = "RealEstateManagement", "RealEstateManagement.csproj", "{522665F2-EC69-4CAD-90C5-BBA7AFAA7CEA}"
EndProject
Global
	GlobalSection(SolutionConfigurationPlatforms) = preSolution
		Debug|Any CPU = Debug|Any CPU
		Release|Any CPU = Release|Any CPU
	EndGlobalSection
	GlobalSection(ProjectConfigurationPlatforms) = postSolution
		{522665F2-EC69-4CAD-90C5-BBA7AFAA7CEA}.Debug|Any CPU.ActiveCfg = Debug|Any CPU
		{522665F2-EC69-4CAD-90C5-BBA7AFAA7CEA}.Debug|Any CPU.Build.0 = Debug|Any CPU
		{522665F2-EC69-4CAD-90C5-BBA7AFAA7CEA}.Release|Any CPU.ActiveCfg = Release|Any CPU
		{522665F2-EC69-4CAD-90C5-BBA7AFAA7CEA}.Release|Any CPU.Build.0 = Release|Any CPU
	EndGlobalSection
	GlobalSection(SolutionProperties) = preSolution
		HideSolutionNode = FALSE
	EndGlobalSection
	GlobalSection(ExtensibilityGlobals) = postSolution
		SolutionGuid = {09242653-4C98-4BA9-A2E5-8F311B110716}
	EndGlobalSection
EndGlobal
